// !$*UTF8*$!
{
	archiveVersion = 1;
	classes = {
	};
	objectVersion = 50;
	objects = {

/* Begin PBXBuildFile section */
		FBF63C1225E158EE0011320B /* SongBrowerApp.swift in Sources */ = {isa = PBXBuildFile; fileRef = FBF63C1125E158EE0011320B /* SongBrowerApp.swift */; };
		FBF63C1425E158EE0011320B /* ContentView.swift in Sources */ = {isa = PBXBuildFile; fileRef = FBF63C1325E158EE0011320B /* ContentView.swift */; };
		FBF63C1625E158FC0011320B /* Assets.xcassets in Resources */ = {isa = PBXBuildFile; fileRef = FBF63C1525E158FC0011320B /* Assets.xcassets */; };
		FBF63C1925E158FC0011320B /* Preview Assets.xcassets in Resources */ = {isa = PBXBuildFile; fileRef = FBF63C1825E158FC0011320B /* Preview Assets.xcassets */; };
		FBF63C2225E159C60011320B /* SearchBarView.swift in Sources */ = {isa = PBXBuildFile; fileRef = FBF63C2125E159C60011320B /* SearchBarView.swift */; };
		FBF63C2925E15E160011320B /* Song.swift in Sources */ = {isa = PBXBuildFile; fileRef = FBF63C2825E15E160011320B /* Song.swift */; };
		FBF63C2F25E15E9F0011320B /* SearchResult.swift in Sources */ = {isa = PBXBuildFile; fileRef = FBF63C2E25E15E9F0011320B /* SearchResult.swift */; };
		FBF63C5725E410C40011320B /* SimpleListItemView.swift in Sources */ = {isa = PBXBuildFile; fileRef = FBF63C5625E410C40011320B /* SimpleListItemView.swift */; };
		FBF63C5D25E414D40011320B /* SongDetailView.swift in Sources */ = {isa = PBXBuildFile; fileRef = FBF63C5C25E414D40011320B /* SongDetailView.swift */; };
		FBF63C6025E414E90011320B /* ItemDetailView.swift in Sources */ = {isa = PBXBuildFile; fileRef = FBF63C5F25E414E90011320B /* ItemDetailView.swift */; };
		FBF63C6325E414FB0011320B /* RemoteDetailView.swift in Sources */ = {isa = PBXBuildFile; fileRef = FBF63C6225E414FB0011320B /* RemoteDetailView.swift */; };
		FBF63C6625E415130011320B /* RemoteAudioView.swift in Sources */ = {isa = PBXBuildFile; fileRef = FBF63C6525E415130011320B /* RemoteAudioView.swift */; };
/* End PBXBuildFile section */

/* Begin PBXFileReference section */
		FBF63C0E25E158EE0011320B /* SongBrower.app */ = {isa = PBXFileReference; explicitFileType = wrapper.application; includeInIndex = 0; path = SongBrower.app; sourceTree = BUILT_PRODUCTS_DIR; };
		FBF63C1125E158EE0011320B /* SongBrowerApp.swift */ = {isa = PBXFileReference; lastKnownFileType = sourcecode.swift; path = SongBrowerApp.swift; sourceTree = "<group>"; };
		FBF63C1325E158EE0011320B /* ContentView.swift */ = {isa = PBXFileReference; lastKnownFileType = sourcecode.swift; path = ContentView.swift; sourceTree = "<group>"; };
		FBF63C1525E158FC0011320B /* Assets.xcassets */ = {isa = PBXFileReference; lastKnownFileType = folder.assetcatalog; path = Assets.xcassets; sourceTree = "<group>"; };
		FBF63C1825E158FC0011320B /* Preview Assets.xcassets */ = {isa = PBXFileReference; lastKnownFileType = folder.assetcatalog; path = "Preview Assets.xcassets"; sourceTree = "<group>"; };
		FBF63C1A25E158FC0011320B /* Info.plist */ = {isa = PBXFileReference; lastKnownFileType = text.plist.xml; path = Info.plist; sourceTree = "<group>"; };
		FBF63C2125E159C60011320B /* SearchBarView.swift */ = {isa = PBXFileReference; lastKnownFileType = sourcecode.swift; path = SearchBarView.swift; sourceTree = "<group>"; };
		FBF63C2825E15E160011320B /* Song.swift */ = {isa = PBXFileReference; lastKnownFileType = sourcecode.swift; path = Song.swift; sourceTree = "<group>"; };
		FBF63C2E25E15E9F0011320B /* SearchResult.swift */ = {isa = PBXFileReference; lastKnownFileType = sourcecode.swift; path = SearchResult.swift; sourceTree = "<group>"; };
		FBF63C5625E410C40011320B /* SimpleListItemView.swift */ = {isa = PBXFileReference; lastKnownFileType = sourcecode.swift; path = SimpleListItemView.swift; sourceTree = "<group>"; };
		FBF63C5C25E414D40011320B /* SongDetailView.swift */ = {isa = PBXFileReference; lastKnownFileType = sourcecode.swift; path = SongDetailView.swift; sourceTree = "<group>"; };
		FBF63C5F25E414E90011320B /* ItemDetailView.swift */ = {isa = PBXFileReference; lastKnownFileType = sourcecode.swift; path = ItemDetailView.swift; sourceTree = "<group>"; };
		FBF63C6225E414FB0011320B /* RemoteDetailView.swift */ = {isa = PBXFileReference; lastKnownFileType = sourcecode.swift; path = RemoteDetailView.swift; sourceTree = "<group>"; };
		FBF63C6525E415130011320B /* RemoteAudioView.swift */ = {isa = PBXFileReference; lastKnownFileType = sourcecode.swift; path = RemoteAudioView.swift; sourceTree = "<group>"; };
/* End PBXFileReference section */

/* Begin PBXFrameworksBuildPhase section */
		FBF63C0B25E158EE0011320B /* Frameworks */ = {
			isa = PBXFrameworksBuildPhase;
			buildActionMask = 2147483647;
			files = (
			);
			runOnlyForDeploymentPostprocessing = 0;
		};
/* End PBXFrameworksBuildPhase section */

/* Begin PBXGroup section */
		FBF63C0525E158EE0011320B = {
			isa = PBXGroup;
			children = (
				FBF63C1025E158EE0011320B /* SongBrower */,
				FBF63C0F25E158EE0011320B /* Products */,
			);
			sourceTree = "<group>";
		};
		FBF63C0F25E158EE0011320B /* Products */ = {
			isa = PBXGroup;
			children = (
				FBF63C0E25E158EE0011320B /* SongBrower.app */,
			);
			name = Products;
			sourceTree = "<group>";
		};
		FBF63C1025E158EE0011320B /* SongBrower */ = {
			isa = PBXGroup;
			children = (
				FBF63C1125E158EE0011320B /* SongBrowerApp.swift */,
				FBF63C2725E15DE50011320B /* Model */,
				FBF63C2625E15DC60011320B /* Views */,
				FBF63C1525E158FC0011320B /* Assets.xcassets */,
				FBF63C1A25E158FC0011320B /* Info.plist */,
				FBF63C1725E158FC0011320B /* Preview Content */,
			);
			path = SongBrower;
			sourceTree = "<group>";
		};
		FBF63C1725E158FC0011320B /* Preview Content */ = {
			isa = PBXGroup;
			children = (
				FBF63C1825E158FC0011320B /* Preview Assets.xcassets */,
			);
			path = "Preview Content";
			sourceTree = "<group>";
		};
		FBF63C2625E15DC60011320B /* Views */ = {
			isa = PBXGroup;
			children = (
				FBF63C1325E158EE0011320B /* ContentView.swift */,
				FBF63C2125E159C60011320B /* SearchBarView.swift */,
				FBF63C5625E410C40011320B /* SimpleListItemView.swift */,
				FBF63C5C25E414D40011320B /* SongDetailView.swift */,
				FBF63C5F25E414E90011320B /* ItemDetailView.swift */,
				FBF63C6225E414FB0011320B /* RemoteDetailView.swift */,
				FBF63C6525E415130011320B /* RemoteAudioView.swift */,
			);
			path = Views;
			sourceTree = "<group>";
		};
		FBF63C2725E15DE50011320B /* Model */ = {
			isa = PBXGroup;
			children = (
				FBF63C2825E15E160011320B /* Song.swift */,
				FBF63C2E25E15E9F0011320B /* SearchResult.swift */,
			);
			path = Model;
			sourceTree = "<group>";
		};
/* End PBXGroup section */

/* Begin PBXNativeTarget section */
		FBF63C0D25E158EE0011320B /* SongBrower */ = {
			isa = PBXNativeTarget;
			buildConfigurationList = FBF63C1D25E158FC0011320B /* Build configuration list for PBXNativeTarget "SongBrower" */;
			buildPhases = (
				FBF63C0A25E158EE0011320B /* Sources */,
				FBF63C0B25E158EE0011320B /* Frameworks */,
				FBF63C0C25E158EE0011320B /* Resources */,
			);
			buildRules = (
			);
			dependencies = (
			);
			name = SongBrower;
			productName = SongBrower;
			productReference = FBF63C0E25E158EE0011320B /* SongBrower.app */;
			productType = "com.apple.product-type.application";
		};
/* End PBXNativeTarget section */

/* Begin PBXProject section */
		FBF63C0625E158EE0011320B /* Project object */ = {
			isa = PBXProject;
			attributes = {
				LastSwiftUpdateCheck = 1230;
				LastUpgradeCheck = 1230;
				TargetAttributes = {
					FBF63C0D25E158EE0011320B = {
						CreatedOnToolsVersion = 12.3;
					};
				};
			};
			buildConfigurationList = FBF63C0925E158EE0011320B /* Build configuration list for PBXProject "SongBrower" */;
			compatibilityVersion = "Xcode 9.3";
			developmentRegion = en;
			hasScannedForEncodings = 0;
			knownRegions = (
				en,
				Base,
			);
			mainGroup = FBF63C0525E158EE0011320B;
			productRefGroup = FBF63C0F25E158EE0011320B /* Products */;
			projectDirPath = "";
			projectRoot = "";
			targets = (
				FBF63C0D25E158EE0011320B /* SongBrower */,
			);
		};
/* End PBXProject section */

/* Begin PBXResourcesBuildPhase section */
		FBF63C0C25E158EE0011320B /* Resources */ = {
			isa = PBXResourcesBuildPhase;
			buildActionMask = 2147483647;
			files = (
				FBF63C1925E158FC0011320B /* Preview Assets.xcassets in Resources */,
				FBF63C1625E158FC0011320B /* Assets.xcassets in Resources */,
			);
			runOnlyForDeploymentPostprocessing = 0;
		};
/* End PBXResourcesBuildPhase section */

/* Begin PBXSourcesBuildPhase section */
		FBF63C0A25E158EE0011320B /* Sources */ = {
			isa = PBXSourcesBuildPhase;
			buildActionMask = 2147483647;
			files = (
				FBF63C5D25E414D40011320B /* SongDetailView.swift in Sources */,
				FBF63C2925E15E160011320B /* Song.swift in Sources */,
				FBF63C1425E158EE0011320B /* ContentView.swift in Sources */,
				FBF63C6625E415130011320B /* RemoteAudioView.swift in Sources */,
				FBF63C2F25E15E9F0011320B /* SearchResult.swift in Sources */,
				FBF63C6325E414FB0011320B /* RemoteDetailView.swift in Sources */,
				FBF63C6025E414E90011320B /* ItemDetailView.swift in Sources */,
				FBF63C2225E159C60011320B /* SearchBarView.swift in Sources */,
				FBF63C1225E158EE0011320B /* SongBrowerApp.swift in Sources */,
				FBF63C5725E410C40011320B /* SimpleListItemView.swift in Sources */,
			);
			runOnlyForDeploymentPostprocessing = 0;
		};
/* End PBXSourcesBuildPhase section */

/* Begin XCBuildConfiguration section */
		FBF63C1B25E158FC0011320B /* Debug */ = {
			isa = XCBuildConfiguration;
			buildSettings = {
				ALWAYS_SEARCH_USER_PATHS = NO;
				CLANG_ANALYZER_NONNULL = YES;
				CLANG_ANALYZER_NUMBER_OBJECT_CONVERSION = YES_AGGRESSIVE;
				CLANG_CXX_LANGUAGE_STANDARD = "gnu++14";
				CLANG_CXX_LIBRARY = "libc++";
				CLANG_ENABLE_MODULES = YES;
				CLANG_ENABLE_OBJC_ARC = YES;
				CLANG_ENABLE_OBJC_WEAK = YES;
				CLANG_WARN_BLOCK_CAPTURE_AUTORELEASING = YES;
				CLANG_WARN_BOOL_CONVERSION = YES;
				CLANG_WARN_COMMA = YES;
				CLANG_WARN_CONSTANT_CONVERSION = YES;
				CLANG_WARN_DEPRECATED_OBJC_IMPLEMENTATIONS = YES;
				CLANG_WARN_DIRECT_OBJC_ISA_USAGE = YES_ERROR;
				CLANG_WARN_DOCUMENTATION_COMMENTS = YES;
				CLANG_WARN_EMPTY_BODY = YES;
				CLANG_WARN_ENUM_CONVERSION = YES;
				CLANG_WARN_INFINITE_RECURSION = YES;
				CLANG_WARN_INT_CONVERSION = YES;
				CLANG_WARN_NON_LITERAL_NULL_CONVERSION = YES;
				CLANG_WARN_OBJC_IMPLICIT_RETAIN_SELF = YES;
				CLANG_WARN_OBJC_LITERAL_CONVERSION = YES;
				CLANG_WARN_OBJC_ROOT_CLASS = YES_ERROR;
				CLANG_WARN_QUOTED_INCLUDE_IN_FRAMEWORK_HEADER = YES;
				CLANG_WARN_RANGE_LOOP_ANALYSIS = YES;
				CLANG_WARN_STRICT_PROTOTYPES = YES;
				CLANG_WARN_SUSPICIOUS_MOVE = YES;
				CLANG_WARN_UNGUARDED_AVAILABILITY = YES_AGGRESSIVE;
				CLANG_WARN_UNREACHABLE_CODE = YES;
				CLANG_WARN__DUPLICATE_METHOD_MATCH = YES;
				COPY_PHASE_STRIP = NO;
				DEBUG_INFORMATION_FORMAT = dwarf;
				ENABLE_STRICT_OBJC_MSGSEND = YES;
				ENABLE_TESTABILITY = YES;
				GCC_C_LANGUAGE_STANDARD = gnu11;
				GCC_DYNAMIC_NO_PIC = NO;
				GCC_NO_COMMON_BLOCKS = YES;
				GCC_OPTIMIZATION_LEVEL = 0;
				GCC_PREPROCESSOR_DEFINITIONS = (
					"DEBUG=1",
					"$(inherited)",
				);
				GCC_WARN_64_TO_32_BIT_CONVERSION = YES;
				GCC_WARN_ABOUT_RETURN_TYPE = YES_ERROR;
				GCC_WARN_UNDECLARED_SELECTOR = YES;
				GCC_WARN_UNINITIALIZED_AUTOS = YES_AGGRESSIVE;
				GCC_WARN_UNUSED_FUNCTION = YES;
				GCC_WARN_UNUSED_VARIABLE = YES;
				IPHONEOS_DEPLOYMENT_TARGET = 14.3;
				MTL_ENABLE_DEBUG_INFO = INCLUDE_SOURCE;
				MTL_FAST_MATH = YES;
				ONLY_ACTIVE_ARCH = YES;
				SDKROOT = iphoneos;
				SWIFT_ACTIVE_COMPILATION_CONDITIONS = DEBUG;
				SWIFT_OPTIMIZATION_LEVEL = "-Onone";
			};
			name = Debug;
		};
		FBF63C1C25E158FC0011320B /* Release */ = {
			isa = XCBuildConfiguration;
			buildSettings = {
				ALWAYS_SEARCH_USER_PATHS = NO;
				CLANG_ANALYZER_NONNULL = YES;
				CLANG_ANALYZER_NUMBER_OBJECT_CONVERSION = YES_AGGRESSIVE;
				CLANG_CXX_LANGUAGE_STANDARD = "gnu++14";
				CLANG_CXX_LIBRARY = "libc++";
				CLANG_ENABLE_MODULES = YES;
				CLANG_ENABLE_OBJC_ARC = YES;
				CLANG_ENABLE_OBJC_WEAK = YES;
				CLANG_WARN_BLOCK_CAPTURE_AUTORELEASING = YES;
				CLANG_WARN_BOOL_CONVERSION = YES;
				CLANG_WARN_COMMA = YES;
				CLANG_WARN_CONSTANT_CONVERSION = YES;
				CLANG_WARN_DEPRECATED_OBJC_IMPLEMENTATIONS = YES;
				CLANG_WARN_DIRECT_OBJC_ISA_USAGE = YES_ERROR;
				CLANG_WARN_DOCUMENTATION_COMMENTS = YES;
				CLANG_WARN_EMPTY_BODY = YES;
				CLANG_WARN_ENUM_CONVERSION = YES;
				CLANG_WARN_INFINITE_RECURSION = YES;
				CLANG_WARN_INT_CONVERSION = YES;
				CLANG_WARN_NON_LITERAL_NULL_CONVERSION = YES;
				CLANG_WARN_OBJC_IMPLICIT_RETAIN_SELF = YES;
				CLANG_WARN_OBJC_LITERAL_CONVERSION = YES;
				CLANG_WARN_OBJC_ROOT_CLASS = YES_ERROR;
				CLANG_WARN_QUOTED_INCLUDE_IN_FRAMEWORK_HEADER = YES;
				CLANG_WARN_RANGE_LOOP_ANALYSIS = YES;
				CLANG_WARN_STRICT_PROTOTYPES = YES;
				CLANG_WARN_SUSPICIOUS_MOVE = YES;
				CLANG_WARN_UNGUARDED_AVAILABILITY = YES_AGGRESSIVE;
				CLANG_WARN_UNREACHABLE_CODE = YES;
				CLANG_WARN__DUPLICATE_METHOD_MATCH = YES;
				COPY_PHASE_STRIP = NO;
				DEBUG_INFORMATION_FORMAT = "dwarf-with-dsym";
				ENABLE_NS_ASSERTIONS = NO;
				ENABLE_STRICT_OBJC_MSGSEND = YES;
				GCC_C_LANGUAGE_STANDARD = gnu11;
				GCC_NO_COMMON_BLOCKS = YES;
				GCC_WARN_64_TO_32_BIT_CONVERSION = YES;
				GCC_WARN_ABOUT_RETURN_TYPE = YES_ERROR;
				GCC_WARN_UNDECLARED_SELECTOR = YES;
				GCC_WARN_UNINITIALIZED_AUTOS = YES_AGGRESSIVE;
				GCC_WARN_UNUSED_FUNCTION = YES;
				GCC_WARN_UNUSED_VARIABLE = YES;
				IPHONEOS_DEPLOYMENT_TARGET = 14.3;
				MTL_ENABLE_DEBUG_INFO = NO;
				MTL_FAST_MATH = YES;
				SDKROOT = iphoneos;
				SWIFT_COMPILATION_MODE = wholemodule;
				SWIFT_OPTIMIZATION_LEVEL = "-O";
				VALIDATE_PRODUCT = YES;
			};
			name = Release;
		};
		FBF63C1E25E158FC0011320B /* Debug */ = {
			isa = XCBuildConfiguration;
			buildSettings = {
				ASSETCATALOG_COMPILER_APPICON_NAME = AppIcon;
				ASSETCATALOG_COMPILER_GLOBAL_ACCENT_COLOR_NAME = AccentColor;
				CODE_SIGN_STYLE = Automatic;
				DEVELOPMENT_ASSET_PATHS = "\"SongBrower/Preview Content\"";
				DEVELOPMENT_TEAM = MVTMGC7XMB;
				ENABLE_PREVIEWS = YES;
				INFOPLIST_FILE = SongBrower/Info.plist;
				IPHONEOS_DEPLOYMENT_TARGET = 14.0;
				LD_RUNPATH_SEARCH_PATHS = (
					"$(inherited)",
					"@executable_path/Frameworks",
				);
				PRODUCT_BUNDLE_IDENTIFIER = ca.stevenzhang.SongBrower;
				PRODUCT_NAME = "$(TARGET_NAME)";
				SWIFT_VERSION = 5.0;
				TARGETED_DEVICE_FAMILY = "1,2";
			};
			name = Debug;
		};
		FBF63C1F25E158FC0011320B /* Release */ = {
			isa = XCBuildConfiguration;
			buildSettings = {
				ASSETCATALOG_COMPILER_APPICON_NAME = AppIcon;
				ASSETCATALOG_COMPILER_GLOBAL_ACCENT_COLOR_NAME = AccentColor;
				CODE_SIGN_STYLE = Automatic;
				DEVELOPMENT_ASSET_PATHS = "\"SongBrower/Preview Content\"";
				DEVELOPMENT_TEAM = MVTMGC7XMB;
				ENABLE_PREVIEWS = YES;
				INFOPLIST_FILE = SongBrower/Info.plist;
				IPHONEOS_DEPLOYMENT_TARGET = 14.0;
				LD_RUNPATH_SEARCH_PATHS = (
					"$(inherited)",
					"@executable_path/Frameworks",
				);
				PRODUCT_BUNDLE_IDENTIFIER = ca.stevenzhang.SongBrower;
				PRODUCT_NAME = "$(TARGET_NAME)";
				SWIFT_VERSION = 5.0;
				TARGETED_DEVICE_FAMILY = "1,2";
			};
			name = Release;
		};
/* End XCBuildConfiguration section */

/* Begin XCConfigurationList section */
		FBF63C0925E158EE0011320B /* Build configuration list for PBXProject "SongBrower" */ = {
			isa = XCConfigurationList;
			buildConfigurations = (
				FBF63C1B25E158FC0011320B /* Debug */,
				FBF63C1C25E158FC0011320B /* Release */,
			);
			defaultConfigurationIsVisible = 0;
			defaultConfigurationName = Release;
		};
		FBF63C1D25E158FC0011320B /* Build configuration list for PBXNativeTarget "SongBrower" */ = {
			isa = XCConfigurationList;
			buildConfigurations = (
				FBF63C1E25E158FC0011320B /* Debug */,
				FBF63C1F25E158FC0011320B /* Release */,
			);
			defaultConfigurationIsVisible = 0;
			defaultConfigurationName = Release;
		};
/* End XCConfigurationList section */
	};
	rootObject = FBF63C0625E158EE0011320B /* Project object */;
}
